<?xml version="1.0" encoding="utf-8"?>
<Project ToolsVersion="4.0" xmlns="http://schemas.microsoft.com/developer/msbuild/2003">
  <ItemGroup>
    <Filter Include="Engine">
      <UniqueIdentifier>{ce2e575c-64cd-4bb2-9535-81d154c882b2}</UniqueIdentifier>
    </Filter>
    <Filter Include="Game">
      <UniqueIdentifier>{10a17dda-d45f-4574-9ad8-0909b5f3896d}</UniqueIdentifier>
    </Filter>
  </ItemGroup>
  <ItemGroup>
    <ClCompile Include="..\..\..\source\main.cpp" />
    <ClCompile Include="..\..\..\source\SceneManager.cpp">
      <Filter>Engine</Filter>
    </ClCompile>
    <ClCompile Include="..\..\..\source\Intro.cpp">
      <Filter>Game</Filter>
    </ClCompile>
  </ItemGroup>
  <ItemGroup>
    <ClInclude Include="..\..\..\include\3rdParty.h">
      <Filter>Engine</Filter>
    </ClInclude>
    <ClInclude Include="..\..\..\include\Scene.h">
      <Filter>Engine</Filter>
    </ClInclude>
    <ClInclude Include="..\..\..\include\SceneManager.h">
      <Filter>Engine</Filter>
    </ClInclude>
    <ClInclude Include="..\..\..\include\Intro.h">
      <Filter>Game</Filter>
    </ClInclude>
  </ItemGroup>
</Project>